
Microsoft Visual Studio Solution File, Format Version 12.00
# Visual Studio Version 17
VisualStudioVersion = 17.13.35931.197
MinimumVisualStudioVersion = 10.0.40219.1
Project("{8BC9CEB8-8B4A-11D0-8D11-00A0C91BC942}") = "LiOAvLZ_1", "LiOAvLZ_1\LiOAvLZ_1.vcxproj", "{C837CE55-5DE7-4FF1-A917-54134B379470}"
EndProject
Project("{8BC9CEB8-8B4A-11D0-8D11-00A0C91BC942}") = "LiOAvIZ_1.5(struct)", "LiOAvIZ_1.5(struct)\LiOAvIZ_1.5(struct).vcxproj", "{51A91C48-ABB1-45AE-8839-6C58611C3EFC}"
EndProject
Project("{8BC9CEB8-8B4A-11D0-8D11-00A0C91BC942}") = "LiOAvIZ_2", "LiOAvIZ_2\LiOAvIZ_2.vcxproj", "{EED7A85E-DFEB-4F5E-ACB7-9EF86B7479ED}"
EndProject
Global
	GlobalSection(SolutionConfigurationPlatforms) = preSolution
		Debug|x64 = Debug|x64
		Debug|x86 = Debug|x86
		Release|x64 = Release|x64
		Release|x86 = Release|x86
	EndGlobalSection
	GlobalSection(ProjectConfigurationPlatforms) = postSolution
		{C837CE55-5DE7-4FF1-A917-54134B379470}.Debug|x64.ActiveCfg = Debug|x64
		{C837CE55-5DE7-4FF1-A917-54134B379470}.Debug|x64.Build.0 = Debug|x64
		{C837CE55-5DE7-4FF1-A917-54134B379470}.Debug|x86.ActiveCfg = Debug|Win32
		{C837CE55-5DE7-4FF1-A917-54134B379470}.Debug|x86.Build.0 = Debug|Win32
		{C837CE55-5DE7-4FF1-A917-54134B379470}.Release|x64.ActiveCfg = Release|x64
		{C837CE55-5DE7-4FF1-A917-54134B379470}.Release|x64.Build.0 = Release|x64
		{C837CE55-5DE7-4FF1-A917-54134B379470}.Release|x86.ActiveCfg = Release|Win32
		{C837CE55-5DE7-4FF1-A917-54134B379470}.Release|x86.Build.0 = Release|Win32
		{51A91C48-ABB1-45AE-8839-6C58611C3EFC}.Debug|x64.ActiveCfg = Debug|x64
		{51A91C48-ABB1-45AE-8839-6C58611C3EFC}.Debug|x64.Build.0 = Debug|x64
		{51A91C48-ABB1-45AE-8839-6C58611C3EFC}.Debug|x86.ActiveCfg = Debug|Win32
		{51A91C48-ABB1-45AE-8839-6C58611C3EFC}.Debug|x86.Build.0 = Debug|Win32
		{51A91C48-ABB1-45AE-8839-6C58611C3EFC}.Release|x64.ActiveCfg = Release|x64
		{51A91C48-ABB1-45AE-8839-6C58611C3EFC}.Release|x64.Build.0 = Release|x64
		{51A91C48-ABB1-45AE-8839-6C58611C3EFC}.Release|x86.ActiveCfg = Release|Win32
		{51A91C48-ABB1-45AE-8839-6C58611C3EFC}.Release|x86.Build.0 = Release|Win32
		{EED7A85E-DFEB-4F5E-ACB7-9EF86B7479ED}.Debug|x64.ActiveCfg = Debug|x64
		{EED7A85E-DFEB-4F5E-ACB7-9EF86B7479ED}.Debug|x64.Build.0 = Debug|x64
		{EED7A85E-DFEB-4F5E-ACB7-9EF86B7479ED}.Debug|x86.ActiveCfg = Debug|Win32
		{EED7A85E-DFEB-4F5E-ACB7-9EF86B7479ED}.Debug|x86.Build.0 = Debug|Win32
		{EED7A85E-DFEB-4F5E-ACB7-9EF86B7479ED}.Release|x64.ActiveCfg = Release|x64
		{EED7A85E-DFEB-4F5E-ACB7-9EF86B7479ED}.Release|x64.Build.0 = Release|x64
		{EED7A85E-DFEB-4F5E-ACB7-9EF86B7479ED}.Release|x86.ActiveCfg = Release|Win32
		{EED7A85E-DFEB-4F5E-ACB7-9EF86B7479ED}.Release|x86.Build.0 = Release|Win32
	EndGlobalSection
	GlobalSection(SolutionProperties) = preSolution
		HideSolutionNode = FALSE
	EndGlobalSection
	GlobalSection(ExtensibilityGlobals) = postSolution
		SolutionGuid = {B5C71725-6A99-4B06-80C5-CA8ACC590AC9}
	EndGlobalSection
EndGlobal
